// !$*UTF8*$!
{
	archiveVersion = 1;
	classes = {
	};
	objectVersion = 56;
	objects = {

/* Begin PBXBuildFile section */
		2F8CBFF22953B260008BCC32 /* AppetizerListViewModel.swift in Sources */ = {isa = PBXBuildFile; fileRef = 2F8CBFF12953B260008BCC32 /* AppetizerListViewModel.swift */; };
		2F8CBFF42954B360008BCC32 /* Alert.swift in Sources */ = {isa = PBXBuildFile; fileRef = 2F8CBFF32954B360008BCC32 /* Alert.swift */; };
		2F8CBFF62954EBF9008BCC32 /* LoadingView.swift in Sources */ = {isa = PBXBuildFile; fileRef = 2F8CBFF52954EBF9008BCC32 /* LoadingView.swift */; };
		2F8CBFF82954ED68008BCC32 /* Color+Ext.swift in Sources */ = {isa = PBXBuildFile; fileRef = 2F8CBFF72954ED68008BCC32 /* Color+Ext.swift */; };
		2FD1300E295113C9003A5198 /* SA_Appetizers_SwiftUIApp.swift in Sources */ = {isa = PBXBuildFile; fileRef = 2FD1300D295113C9003A5198 /* SA_Appetizers_SwiftUIApp.swift */; };
		2FD13010295113C9003A5198 /* AppetizerTabView.swift in Sources */ = {isa = PBXBuildFile; fileRef = 2FD1300F295113C9003A5198 /* AppetizerTabView.swift */; };
		2FD13012295113CA003A5198 /* Assets.xcassets in Resources */ = {isa = PBXBuildFile; fileRef = 2FD13011295113CA003A5198 /* Assets.xcassets */; };
		2FD13015295113CA003A5198 /* Preview Assets.xcassets in Resources */ = {isa = PBXBuildFile; fileRef = 2FD13014295113CA003A5198 /* Preview Assets.xcassets */; };
		2FD1301C29511432003A5198 /* AppetizerListView.swift in Sources */ = {isa = PBXBuildFile; fileRef = 2FD1301B29511432003A5198 /* AppetizerListView.swift */; };
		2FD1301E29511450003A5198 /* AccountView.swift in Sources */ = {isa = PBXBuildFile; fileRef = 2FD1301D29511450003A5198 /* AccountView.swift */; };
		2FD1302029511457003A5198 /* OrderView.swift in Sources */ = {isa = PBXBuildFile; fileRef = 2FD1301F29511457003A5198 /* OrderView.swift */; };
		2FD1302229512DE6003A5198 /* Appetizers_Model.swift in Sources */ = {isa = PBXBuildFile; fileRef = 2FD1302129512DE6003A5198 /* Appetizers_Model.swift */; };
		2FD1302629529202003A5198 /* AppetizerListCell.swift in Sources */ = {isa = PBXBuildFile; fileRef = 2FD1302529529202003A5198 /* AppetizerListCell.swift */; };
		2FD130282953799C003A5198 /* NetworkManager.swift in Sources */ = {isa = PBXBuildFile; fileRef = 2FD130272953799C003A5198 /* NetworkManager.swift */; };
		2FD1302A29537FAB003A5198 /* Appetizers_Error.swift in Sources */ = {isa = PBXBuildFile; fileRef = 2FD1302929537FAB003A5198 /* Appetizers_Error.swift */; };
/* End PBXBuildFile section */

/* Begin PBXFileReference section */
		2F8CBFF12953B260008BCC32 /* AppetizerListViewModel.swift */ = {isa = PBXFileReference; fileEncoding = 4; lastKnownFileType = sourcecode.swift; path = AppetizerListViewModel.swift; sourceTree = "<group>"; };
		2F8CBFF32954B360008BCC32 /* Alert.swift */ = {isa = PBXFileReference; lastKnownFileType = sourcecode.swift; path = Alert.swift; sourceTree = "<group>"; };
		2F8CBFF52954EBF9008BCC32 /* LoadingView.swift */ = {isa = PBXFileReference; lastKnownFileType = sourcecode.swift; path = LoadingView.swift; sourceTree = "<group>"; };
		2F8CBFF72954ED68008BCC32 /* Color+Ext.swift */ = {isa = PBXFileReference; lastKnownFileType = sourcecode.swift; path = "Color+Ext.swift"; sourceTree = "<group>"; };
		2FD1300A295113C9003A5198 /* SA_Appetizers_SwiftUI.app */ = {isa = PBXFileReference; explicitFileType = wrapper.application; includeInIndex = 0; path = SA_Appetizers_SwiftUI.app; sourceTree = BUILT_PRODUCTS_DIR; };
		2FD1300D295113C9003A5198 /* SA_Appetizers_SwiftUIApp.swift */ = {isa = PBXFileReference; lastKnownFileType = sourcecode.swift; path = SA_Appetizers_SwiftUIApp.swift; sourceTree = "<group>"; };
		2FD1300F295113C9003A5198 /* AppetizerTabView.swift */ = {isa = PBXFileReference; lastKnownFileType = sourcecode.swift; path = AppetizerTabView.swift; sourceTree = "<group>"; };
		2FD13011295113CA003A5198 /* Assets.xcassets */ = {isa = PBXFileReference; lastKnownFileType = folder.assetcatalog; path = Assets.xcassets; sourceTree = "<group>"; };
		2FD13014295113CA003A5198 /* Preview Assets.xcassets */ = {isa = PBXFileReference; lastKnownFileType = folder.assetcatalog; path = "Preview Assets.xcassets"; sourceTree = "<group>"; };
		2FD1301B29511432003A5198 /* AppetizerListView.swift */ = {isa = PBXFileReference; lastKnownFileType = sourcecode.swift; path = AppetizerListView.swift; sourceTree = "<group>"; };
		2FD1301D29511450003A5198 /* AccountView.swift */ = {isa = PBXFileReference; lastKnownFileType = sourcecode.swift; path = AccountView.swift; sourceTree = "<group>"; };
		2FD1301F29511457003A5198 /* OrderView.swift */ = {isa = PBXFileReference; lastKnownFileType = sourcecode.swift; path = OrderView.swift; sourceTree = "<group>"; };
		2FD1302129512DE6003A5198 /* Appetizers_Model.swift */ = {isa = PBXFileReference; lastKnownFileType = sourcecode.swift; path = Appetizers_Model.swift; sourceTree = "<group>"; };
		2FD1302529529202003A5198 /* AppetizerListCell.swift */ = {isa = PBXFileReference; lastKnownFileType = sourcecode.swift; path = AppetizerListCell.swift; sourceTree = "<group>"; };
		2FD130272953799C003A5198 /* NetworkManager.swift */ = {isa = PBXFileReference; lastKnownFileType = sourcecode.swift; path = NetworkManager.swift; sourceTree = "<group>"; };
		2FD1302929537FAB003A5198 /* Appetizers_Error.swift */ = {isa = PBXFileReference; lastKnownFileType = sourcecode.swift; path = Appetizers_Error.swift; sourceTree = "<group>"; };
/* End PBXFileReference section */

/* Begin PBXFrameworksBuildPhase section */
		2FD13007295113C9003A5198 /* Frameworks */ = {
			isa = PBXFrameworksBuildPhase;
			buildActionMask = 2147483647;
			files = (
			);
			runOnlyForDeploymentPostprocessing = 0;
		};
/* End PBXFrameworksBuildPhase section */

/* Begin PBXGroup section */
		2FD13001295113C9003A5198 = {
			isa = PBXGroup;
			children = (
				2FD1300C295113C9003A5198 /* SA_Appetizers_SwiftUI */,
				2FD1300B295113C9003A5198 /* Products */,
			);
			sourceTree = "<group>";
		};
		2FD1300B295113C9003A5198 /* Products */ = {
			isa = PBXGroup;
			children = (
				2FD1300A295113C9003A5198 /* SA_Appetizers_SwiftUI.app */,
			);
			name = Products;
			sourceTree = "<group>";
		};
		2FD1300C295113C9003A5198 /* SA_Appetizers_SwiftUI */ = {
			isa = PBXGroup;
			children = (
				2FD1300D295113C9003A5198 /* SA_Appetizers_SwiftUIApp.swift */,
				2FD1300F295113C9003A5198 /* AppetizerTabView.swift */,
				2FD13011295113CA003A5198 /* Assets.xcassets */,
				2FD13013295113CA003A5198 /* Preview Content */,
				2FD1301B29511432003A5198 /* AppetizerListView.swift */,
				2FD1301D29511450003A5198 /* AccountView.swift */,
				2FD1301F29511457003A5198 /* OrderView.swift */,
				2FD1302129512DE6003A5198 /* Appetizers_Model.swift */,
				2FD1302529529202003A5198 /* AppetizerListCell.swift */,
				2FD130272953799C003A5198 /* NetworkManager.swift */,
				2FD1302929537FAB003A5198 /* Appetizers_Error.swift */,
				2F8CBFF12953B260008BCC32 /* AppetizerListViewModel.swift */,
				2F8CBFF32954B360008BCC32 /* Alert.swift */,
				2F8CBFF52954EBF9008BCC32 /* LoadingView.swift */,
				2F8CBFF72954ED68008BCC32 /* Color+Ext.swift */,
			);
			path = SA_Appetizers_SwiftUI;
			sourceTree = "<group>";
		};
		2FD13013295113CA003A5198 /* Preview Content */ = {
			isa = PBXGroup;
			children = (
				2FD13014295113CA003A5198 /* Preview Assets.xcassets */,
			);
			path = "Preview Content";
			sourceTree = "<group>";
		};
/* End PBXGroup section */

/* Begin PBXNativeTarget section */
		2FD13009295113C9003A5198 /* SA_Appetizers_SwiftUI */ = {
			isa = PBXNativeTarget;
			buildConfigurationList = 2FD13018295113CA003A5198 /* Build configuration list for PBXNativeTarget "SA_Appetizers_SwiftUI" */;
			buildPhases = (
				2FD13006295113C9003A5198 /* Sources */,
				2FD13007295113C9003A5198 /* Frameworks */,
				2FD13008295113C9003A5198 /* Resources */,
			);
			buildRules = (
			);
			dependencies = (
			);
			name = SA_Appetizers_SwiftUI;
			productName = SA_Appetizers_SwiftUI;
			productReference = 2FD1300A295113C9003A5198 /* SA_Appetizers_SwiftUI.app */;
			productType = "com.apple.product-type.application";
		};
/* End PBXNativeTarget section */

/* Begin PBXProject section */
		2FD13002295113C9003A5198 /* Project object */ = {
			isa = PBXProject;
			attributes = {
				BuildIndependentTargetsInParallel = 1;
				LastSwiftUpdateCheck = 1410;
				LastUpgradeCheck = 1410;
				TargetAttributes = {
					2FD13009295113C9003A5198 = {
						CreatedOnToolsVersion = 14.1;
					};
				};
			};
			buildConfigurationList = 2FD13005295113C9003A5198 /* Build configuration list for PBXProject "SA_Appetizers_SwiftUI" */;
			compatibilityVersion = "Xcode 14.0";
			developmentRegion = en;
			hasScannedForEncodings = 0;
			knownRegions = (
				en,
				Base,
			);
			mainGroup = 2FD13001295113C9003A5198;
			productRefGroup = 2FD1300B295113C9003A5198 /* Products */;
			projectDirPath = "";
			projectRoot = "";
			targets = (
				2FD13009295113C9003A5198 /* SA_Appetizers_SwiftUI */,
			);
		};
/* End PBXProject section */

/* Begin PBXResourcesBuildPhase section */
		2FD13008295113C9003A5198 /* Resources */ = {
			isa = PBXResourcesBuildPhase;
			buildActionMask = 2147483647;
			files = (
				2FD13015295113CA003A5198 /* Preview Assets.xcassets in Resources */,
				2FD13012295113CA003A5198 /* Assets.xcassets in Resources */,
			);
			runOnlyForDeploymentPostprocessing = 0;
		};
/* End PBXResourcesBuildPhase section */

/* Begin PBXSourcesBuildPhase section */
		2FD13006295113C9003A5198 /* Sources */ = {
			isa = PBXSourcesBuildPhase;
			buildActionMask = 2147483647;
			files = (
				2FD1301E29511450003A5198 /* AccountView.swift in Sources */,
				2FD1302629529202003A5198 /* AppetizerListCell.swift in Sources */,
				2FD13010295113C9003A5198 /* AppetizerTabView.swift in Sources */,
				2F8CBFF22953B260008BCC32 /* AppetizerListViewModel.swift in Sources */,
				2F8CBFF82954ED68008BCC32 /* Color+Ext.swift in Sources */,
				2FD1302229512DE6003A5198 /* Appetizers_Model.swift in Sources */,
				2F8CBFF62954EBF9008BCC32 /* LoadingView.swift in Sources */,
				2FD130282953799C003A5198 /* NetworkManager.swift in Sources */,
				2FD1300E295113C9003A5198 /* SA_Appetizers_SwiftUIApp.swift in Sources */,
				2FD1301C29511432003A5198 /* AppetizerListView.swift in Sources */,
				2F8CBFF42954B360008BCC32 /* Alert.swift in Sources */,
				2FD1302A29537FAB003A5198 /* Appetizers_Error.swift in Sources */,
				2FD1302029511457003A5198 /* OrderView.swift in Sources */,
			);
			runOnlyForDeploymentPostprocessing = 0;
		};
/* End PBXSourcesBuildPhase section */

/* Begin XCBuildConfiguration section */
		2FD13016295113CA003A5198 /* Debug */ = {
			isa = XCBuildConfiguration;
			buildSettings = {
				ALWAYS_SEARCH_USER_PATHS = NO;
				CLANG_ANALYZER_NONNULL = YES;
				CLANG_ANALYZER_NUMBER_OBJECT_CONVERSION = YES_AGGRESSIVE;
				CLANG_CXX_LANGUAGE_STANDARD = "gnu++20";
				CLANG_ENABLE_MODULES = YES;
				CLANG_ENABLE_OBJC_ARC = YES;
				CLANG_ENABLE_OBJC_WEAK = YES;
				CLANG_WARN_BLOCK_CAPTURE_AUTORELEASING = YES;
				CLANG_WARN_BOOL_CONVERSION = YES;
				CLANG_WARN_COMMA = YES;
				CLANG_WARN_CONSTANT_CONVERSION = YES;
				CLANG_WARN_DEPRECATED_OBJC_IMPLEMENTATIONS = YES;
				CLANG_WARN_DIRECT_OBJC_ISA_USAGE = YES_ERROR;
				CLANG_WARN_DOCUMENTATION_COMMENTS = YES;
				CLANG_WARN_EMPTY_BODY = YES;
				CLANG_WARN_ENUM_CONVERSION = YES;
				CLANG_WARN_INFINITE_RECURSION = YES;
				CLANG_WARN_INT_CONVERSION = YES;
				CLANG_WARN_NON_LITERAL_NULL_CONVERSION = YES;
				CLANG_WARN_OBJC_IMPLICIT_RETAIN_SELF = YES;
				CLANG_WARN_OBJC_LITERAL_CONVERSION = YES;
				CLANG_WARN_OBJC_ROOT_CLASS = YES_ERROR;
				CLANG_WARN_QUOTED_INCLUDE_IN_FRAMEWORK_HEADER = YES;
				CLANG_WARN_RANGE_LOOP_ANALYSIS = YES;
				CLANG_WARN_STRICT_PROTOTYPES = YES;
				CLANG_WARN_SUSPICIOUS_MOVE = YES;
				CLANG_WARN_UNGUARDED_AVAILABILITY = YES_AGGRESSIVE;
				CLANG_WARN_UNREACHABLE_CODE = YES;
				CLANG_WARN__DUPLICATE_METHOD_MATCH = YES;
				COPY_PHASE_STRIP = NO;
				DEBUG_INFORMATION_FORMAT = dwarf;
				ENABLE_STRICT_OBJC_MSGSEND = YES;
				ENABLE_TESTABILITY = YES;
				GCC_C_LANGUAGE_STANDARD = gnu11;
				GCC_DYNAMIC_NO_PIC = NO;
				GCC_NO_COMMON_BLOCKS = YES;
				GCC_OPTIMIZATION_LEVEL = 0;
				GCC_PREPROCESSOR_DEFINITIONS = (
					"DEBUG=1",
					"$(inherited)",
				);
				GCC_WARN_64_TO_32_BIT_CONVERSION = YES;
				GCC_WARN_ABOUT_RETURN_TYPE = YES_ERROR;
				GCC_WARN_UNDECLARED_SELECTOR = YES;
				GCC_WARN_UNINITIALIZED_AUTOS = YES_AGGRESSIVE;
				GCC_WARN_UNUSED_FUNCTION = YES;
				GCC_WARN_UNUSED_VARIABLE = YES;
				IPHONEOS_DEPLOYMENT_TARGET = 16.1;
				MTL_ENABLE_DEBUG_INFO = INCLUDE_SOURCE;
				MTL_FAST_MATH = YES;
				ONLY_ACTIVE_ARCH = YES;
				SDKROOT = iphoneos;
				SWIFT_ACTIVE_COMPILATION_CONDITIONS = DEBUG;
				SWIFT_OPTIMIZATION_LEVEL = "-Onone";
			};
			name = Debug;
		};
		2FD13017295113CA003A5198 /* Release */ = {
			isa = XCBuildConfiguration;
			buildSettings = {
				ALWAYS_SEARCH_USER_PATHS = NO;
				CLANG_ANALYZER_NONNULL = YES;
				CLANG_ANALYZER_NUMBER_OBJECT_CONVERSION = YES_AGGRESSIVE;
				CLANG_CXX_LANGUAGE_STANDARD = "gnu++20";
				CLANG_ENABLE_MODULES = YES;
				CLANG_ENABLE_OBJC_ARC = YES;
				CLANG_ENABLE_OBJC_WEAK = YES;
				CLANG_WARN_BLOCK_CAPTURE_AUTORELEASING = YES;
				CLANG_WARN_BOOL_CONVERSION = YES;
				CLANG_WARN_COMMA = YES;
				CLANG_WARN_CONSTANT_CONVERSION = YES;
				CLANG_WARN_DEPRECATED_OBJC_IMPLEMENTATIONS = YES;
				CLANG_WARN_DIRECT_OBJC_ISA_USAGE = YES_ERROR;
				CLANG_WARN_DOCUMENTATION_COMMENTS = YES;
				CLANG_WARN_EMPTY_BODY = YES;
				CLANG_WARN_ENUM_CONVERSION = YES;
				CLANG_WARN_INFINITE_RECURSION = YES;
				CLANG_WARN_INT_CONVERSION = YES;
				CLANG_WARN_NON_LITERAL_NULL_CONVERSION = YES;
				CLANG_WARN_OBJC_IMPLICIT_RETAIN_SELF = YES;
				CLANG_WARN_OBJC_LITERAL_CONVERSION = YES;
				CLANG_WARN_OBJC_ROOT_CLASS = YES_ERROR;
				CLANG_WARN_QUOTED_INCLUDE_IN_FRAMEWORK_HEADER = YES;
				CLANG_WARN_RANGE_LOOP_ANALYSIS = YES;
				CLANG_WARN_STRICT_PROTOTYPES = YES;
				CLANG_WARN_SUSPICIOUS_MOVE = YES;
				CLANG_WARN_UNGUARDED_AVAILABILITY = YES_AGGRESSIVE;
				CLANG_WARN_UNREACHABLE_CODE = YES;
				CLANG_WARN__DUPLICATE_METHOD_MATCH = YES;
				COPY_PHASE_STRIP = NO;
				DEBUG_INFORMATION_FORMAT = "dwarf-with-dsym";
				ENABLE_NS_ASSERTIONS = NO;
				ENABLE_STRICT_OBJC_MSGSEND = YES;
				GCC_C_LANGUAGE_STANDARD = gnu11;
				GCC_NO_COMMON_BLOCKS = YES;
				GCC_WARN_64_TO_32_BIT_CONVERSION = YES;
				GCC_WARN_ABOUT_RETURN_TYPE = YES_ERROR;
				GCC_WARN_UNDECLARED_SELECTOR = YES;
				GCC_WARN_UNINITIALIZED_AUTOS = YES_AGGRESSIVE;
				GCC_WARN_UNUSED_FUNCTION = YES;
				GCC_WARN_UNUSED_VARIABLE = YES;
				IPHONEOS_DEPLOYMENT_TARGET = 16.1;
				MTL_ENABLE_DEBUG_INFO = NO;
				MTL_FAST_MATH = YES;
				SDKROOT = iphoneos;
				SWIFT_COMPILATION_MODE = wholemodule;
				SWIFT_OPTIMIZATION_LEVEL = "-O";
				VALIDATE_PRODUCT = YES;
			};
			name = Release;
		};
		2FD13019295113CA003A5198 /* Debug */ = {
			isa = XCBuildConfiguration;
			buildSettings = {
				ASSETCATALOG_COMPILER_APPICON_NAME = AppIcon;
				ASSETCATALOG_COMPILER_GLOBAL_ACCENT_COLOR_NAME = AccentColor;
				CODE_SIGN_STYLE = Automatic;
				CURRENT_PROJECT_VERSION = 1;
				DEVELOPMENT_ASSET_PATHS = "\"SA_Appetizers_SwiftUI/Preview Content\"";
				DEVELOPMENT_TEAM = Q584HK9U5R;
				ENABLE_PREVIEWS = YES;
				GENERATE_INFOPLIST_FILE = YES;
				INFOPLIST_KEY_UIApplicationSceneManifest_Generation = YES;
				INFOPLIST_KEY_UIApplicationSupportsIndirectInputEvents = YES;
				INFOPLIST_KEY_UILaunchScreen_Generation = YES;
				INFOPLIST_KEY_UISupportedInterfaceOrientations_iPad = "UIInterfaceOrientationPortrait UIInterfaceOrientationPortraitUpsideDown UIInterfaceOrientationLandscapeLeft UIInterfaceOrientationLandscapeRight";
				INFOPLIST_KEY_UISupportedInterfaceOrientations_iPhone = "UIInterfaceOrientationPortrait UIInterfaceOrientationLandscapeLeft UIInterfaceOrientationLandscapeRight";
				LD_RUNPATH_SEARCH_PATHS = (
					"$(inherited)",
					"@executable_path/Frameworks",
				);
				MARKETING_VERSION = 1.0;
				PRODUCT_BUNDLE_IDENTIFIER = "com.corytepper.SA-Appetizers-SwiftUI";
				PRODUCT_NAME = "$(TARGET_NAME)";
				SWIFT_EMIT_LOC_STRINGS = YES;
				SWIFT_VERSION = 5.0;
				TARGETED_DEVICE_FAMILY = "1,2";
			};
			name = Debug;
		};
		2FD1301A295113CA003A5198 /* Release */ = {
			isa = XCBuildConfiguration;
			buildSettings = {
				ASSETCATALOG_COMPILER_APPICON_NAME = AppIcon;
				ASSETCATALOG_COMPILER_GLOBAL_ACCENT_COLOR_NAME = AccentColor;
				CODE_SIGN_STYLE = Automatic;
				CURRENT_PROJECT_VERSION = 1;
				DEVELOPMENT_ASSET_PATHS = "\"SA_Appetizers_SwiftUI/Preview Content\"";
				DEVELOPMENT_TEAM = Q584HK9U5R;
				ENABLE_PREVIEWS = YES;
				GENERATE_INFOPLIST_FILE = YES;
				INFOPLIST_KEY_UIApplicationSceneManifest_Generation = YES;
				INFOPLIST_KEY_UIApplicationSupportsIndirectInputEvents = YES;
				INFOPLIST_KEY_UILaunchScreen_Generation = YES;
				INFOPLIST_KEY_UISupportedInterfaceOrientations_iPad = "UIInterfaceOrientationPortrait UIInterfaceOrientationPortraitUpsideDown UIInterfaceOrientationLandscapeLeft UIInterfaceOrientationLandscapeRight";
				INFOPLIST_KEY_UISupportedInterfaceOrientations_iPhone = "UIInterfaceOrientationPortrait UIInterfaceOrientationLandscapeLeft UIInterfaceOrientationLandscapeRight";
				LD_RUNPATH_SEARCH_PATHS = (
					"$(inherited)",
					"@executable_path/Frameworks",
				);
				MARKETING_VERSION = 1.0;
				PRODUCT_BUNDLE_IDENTIFIER = "com.corytepper.SA-Appetizers-SwiftUI";
				PRODUCT_NAME = "$(TARGET_NAME)";
				SWIFT_EMIT_LOC_STRINGS = YES;
				SWIFT_VERSION = 5.0;
				TARGETED_DEVICE_FAMILY = "1,2";
			};
			name = Release;
		};
/* End XCBuildConfiguration section */

/* Begin XCConfigurationList section */
		2FD13005295113C9003A5198 /* Build configuration list for PBXProject "SA_Appetizers_SwiftUI" */ = {
			isa = XCConfigurationList;
			buildConfigurations = (
				2FD13016295113CA003A5198 /* Debug */,
				2FD13017295113CA003A5198 /* Release */,
			);
			defaultConfigurationIsVisible = 0;
			defaultConfigurationName = Release;
		};
		2FD13018295113CA003A5198 /* Build configuration list for PBXNativeTarget "SA_Appetizers_SwiftUI" */ = {
			isa = XCConfigurationList;
			buildConfigurations = (
				2FD13019295113CA003A5198 /* Debug */,
				2FD1301A295113CA003A5198 /* Release */,
			);
			defaultConfigurationIsVisible = 0;
			defaultConfigurationName = Release;
		};
/* End XCConfigurationList section */
	};
	rootObject = 2FD13002295113C9003A5198 /* Project object */;
}
